// !$*UTF8*$!
{
	archiveVersion = 1;
	classes = {
	};
	objectVersion = 48;
	objects = {

/* Begin PBXBuildFile section */
		F5057E39207166150028EAF8 /* AppDelegate.swift in Sources */ = {isa = PBXBuildFile; fileRef = F5057E38207166150028EAF8 /* AppDelegate.swift */; };
		F5057E3B207166150028EAF8 /* ViewController.swift in Sources */ = {isa = PBXBuildFile; fileRef = F5057E3A207166150028EAF8 /* ViewController.swift */; };
		F5057E3E207166150028EAF8 /* Main.storyboard in Resources */ = {isa = PBXBuildFile; fileRef = F5057E3C207166150028EAF8 /* Main.storyboard */; };
		F5057E40207166150028EAF8 /* Assets.xcassets in Resources */ = {isa = PBXBuildFile; fileRef = F5057E3F207166150028EAF8 /* Assets.xcassets */; };
		F5057E43207166150028EAF8 /* LaunchScreen.storyboard in Resources */ = {isa = PBXBuildFile; fileRef = F5057E41207166150028EAF8 /* LaunchScreen.storyboard */; };
		F5CCA3482079094600964600 /* FilmeModel.swift in Sources */ = {isa = PBXBuildFile; fileRef = F5CCA3472079094600964600 /* FilmeModel.swift */; };
/* End PBXBuildFile section */

/* Begin PBXFileReference section */
		F5057E35207166150028EAF8 /* ATM_Consultoria.app */ = {isa = PBXFileReference; explicitFileType = wrapper.application; includeInIndex = 0; path = ATM_Consultoria.app; sourceTree = BUILT_PRODUCTS_DIR; };
		F5057E38207166150028EAF8 /* AppDelegate.swift */ = {isa = PBXFileReference; lastKnownFileType = sourcecode.swift; path = AppDelegate.swift; sourceTree = "<group>"; };
		F5057E3A207166150028EAF8 /* ViewController.swift */ = {isa = PBXFileReference; lastKnownFileType = sourcecode.swift; path = ViewController.swift; sourceTree = "<group>"; };
		F5057E3D207166150028EAF8 /* Base */ = {isa = PBXFileReference; lastKnownFileType = file.storyboard; name = Base; path = Base.lproj/Main.storyboard; sourceTree = "<group>"; };
		F5057E3F207166150028EAF8 /* Assets.xcassets */ = {isa = PBXFileReference; lastKnownFileType = folder.assetcatalog; path = Assets.xcassets; sourceTree = "<group>"; };
		F5057E42207166150028EAF8 /* Base */ = {isa = PBXFileReference; lastKnownFileType = file.storyboard; name = Base; path = Base.lproj/LaunchScreen.storyboard; sourceTree = "<group>"; };
		F5057E44207166150028EAF8 /* Info.plist */ = {isa = PBXFileReference; lastKnownFileType = text.plist.xml; path = Info.plist; sourceTree = "<group>"; };
		F5CCA3472079094600964600 /* FilmeModel.swift */ = {isa = PBXFileReference; lastKnownFileType = sourcecode.swift; path = FilmeModel.swift; sourceTree = "<group>"; };
/* End PBXFileReference section */

/* Begin PBXFrameworksBuildPhase section */
		F5057E32207166150028EAF8 /* Frameworks */ = {
			isa = PBXFrameworksBuildPhase;
			buildActionMask = 2147483647;
			files = (
			);
			runOnlyForDeploymentPostprocessing = 0;
		};
/* End PBXFrameworksBuildPhase section */

/* Begin PBXGroup section */
		F5057E2C207166140028EAF8 = {
			isa = PBXGroup;
			children = (
				F5057E37207166150028EAF8 /* ATM_Consultoria */,
				F5057E36207166150028EAF8 /* Products */,
			);
			sourceTree = "<group>";
		};
		F5057E36207166150028EAF8 /* Products */ = {
			isa = PBXGroup;
			children = (
				F5057E35207166150028EAF8 /* ATM_Consultoria.app */,
			);
			name = Products;
			sourceTree = "<group>";
		};
		F5057E37207166150028EAF8 /* ATM_Consultoria */ = {
			isa = PBXGroup;
			children = (
				F5057E38207166150028EAF8 /* AppDelegate.swift */,
				F5CCA3472079094600964600 /* FilmeModel.swift */,
				F5057E3A207166150028EAF8 /* ViewController.swift */,
				F5057E3C207166150028EAF8 /* Main.storyboard */,
				F5057E3F207166150028EAF8 /* Assets.xcassets */,
				F5057E41207166150028EAF8 /* LaunchScreen.storyboard */,
				F5057E44207166150028EAF8 /* Info.plist */,
			);
			path = ATM_Consultoria;
			sourceTree = "<group>";
		};
/* End PBXGroup section */

/* Begin PBXNativeTarget section */
		F5057E34207166150028EAF8 /* ATM_Consultoria */ = {
			isa = PBXNativeTarget;
			buildConfigurationList = F5057E47207166150028EAF8 /* Build configuration list for PBXNativeTarget "ATM_Consultoria" */;
			buildPhases = (
				F5057E31207166150028EAF8 /* Sources */,
				F5057E32207166150028EAF8 /* Frameworks */,
				F5057E33207166150028EAF8 /* Resources */,
			);
			buildRules = (
			);
			dependencies = (
			);
			name = ATM_Consultoria;
			productName = ATM_Consultoria;
			productReference = F5057E35207166150028EAF8 /* ATM_Consultoria.app */;
			productType = "com.apple.product-type.application";
		};
/* End PBXNativeTarget section */

/* Begin PBXProject section */
		F5057E2D207166140028EAF8 /* Project object */ = {
			isa = PBXProject;
			attributes = {
				LastSwiftUpdateCheck = 0920;
				LastUpgradeCheck = 0920;
				ORGANIZATIONNAME = "Jean Fernandes";
				TargetAttributes = {
					F5057E34207166150028EAF8 = {
						CreatedOnToolsVersion = 9.2;
						ProvisioningStyle = Automatic;
					};
				};
			};
			buildConfigurationList = F5057E30207166140028EAF8 /* Build configuration list for PBXProject "ATM_Consultoria" */;
			compatibilityVersion = "Xcode 8.0";
			developmentRegion = en;
			hasScannedForEncodings = 0;
			knownRegions = (
				en,
				Base,
			);
			mainGroup = F5057E2C207166140028EAF8;
			productRefGroup = F5057E36207166150028EAF8 /* Products */;
			projectDirPath = "";
			projectRoot = "";
			targets = (
				F5057E34207166150028EAF8 /* ATM_Consultoria */,
			);
		};
/* End PBXProject section */

/* Begin PBXResourcesBuildPhase section */
		F5057E33207166150028EAF8 /* Resources */ = {
			isa = PBXResourcesBuildPhase;
			buildActionMask = 2147483647;
			files = (
				F5057E43207166150028EAF8 /* LaunchScreen.storyboard in Resources */,
				F5057E40207166150028EAF8 /* Assets.xcassets in Resources */,
				F5057E3E207166150028EAF8 /* Main.storyboard in Resources */,
			);
			runOnlyForDeploymentPostprocessing = 0;
		};
/* End PBXResourcesBuildPhase section */

/* Begin PBXSourcesBuildPhase section */
		F5057E31207166150028EAF8 /* Sources */ = {
			isa = PBXSourcesBuildPhase;
			buildActionMask = 2147483647;
			files = (
				F5057E3B207166150028EAF8 /* ViewController.swift in Sources */,
				F5057E39207166150028EAF8 /* AppDelegate.swift in Sources */,
				F5CCA3482079094600964600 /* FilmeModel.swift in Sources */,
			);
			runOnlyForDeploymentPostprocessing = 0;
		};
/* End PBXSourcesBuildPhase section */

/* Begin PBXVariantGroup section */
		F5057E3C207166150028EAF8 /* Main.storyboard */ = {
			isa = PBXVariantGroup;
			children = (
				F5057E3D207166150028EAF8 /* Base */,
			);
			name = Main.storyboard;
			sourceTree = "<group>";
		};
		F5057E41207166150028EAF8 /* LaunchScreen.storyboard */ = {
			isa = PBXVariantGroup;
			children = (
				F5057E42207166150028EAF8 /* Base */,
			);
			name = LaunchScreen.storyboard;
			sourceTree = "<group>";
		};
/* End PBXVariantGroup section */

/* Begin XCBuildConfiguration section */
		F5057E45207166150028EAF8 /* Debug */ = {
			isa = XCBuildConfiguration;
			buildSettings = {
				ALWAYS_SEARCH_USER_PATHS = NO;
				CLANG_ANALYZER_NONNULL = YES;
				CLANG_ANALYZER_NUMBER_OBJECT_CONVERSION = YES_AGGRESSIVE;
				CLANG_CXX_LANGUAGE_STANDARD = "gnu++14";
				CLANG_CXX_LIBRARY = "libc++";
				CLANG_ENABLE_MODULES = YES;
				CLANG_ENABLE_OBJC_ARC = YES;
				CLANG_WARN_BLOCK_CAPTURE_AUTORELEASING = YES;
				CLANG_WARN_BOOL_CONVERSION = YES;
				CLANG_WARN_COMMA = YES;
				CLANG_WARN_CONSTANT_CONVERSION = YES;
				CLANG_WARN_DIRECT_OBJC_ISA_USAGE = YES_ERROR;
				CLANG_WARN_DOCUMENTATION_COMMENTS = YES;
				CLANG_WARN_EMPTY_BODY = YES;
				CLANG_WARN_ENUM_CONVERSION = YES;
				CLANG_WARN_INFINITE_RECURSION = YES;
				CLANG_WARN_INT_CONVERSION = YES;
				CLANG_WARN_NON_LITERAL_NULL_CONVERSION = YES;
				CLANG_WARN_OBJC_LITERAL_CONVERSION = YES;
				CLANG_WARN_OBJC_ROOT_CLASS = YES_ERROR;
				CLANG_WARN_RANGE_LOOP_ANALYSIS = YES;
				CLANG_WARN_STRICT_PROTOTYPES = YES;
				CLANG_WARN_SUSPICIOUS_MOVE = YES;
				CLANG_WARN_UNGUARDED_AVAILABILITY = YES_AGGRESSIVE;
				CLANG_WARN_UNREACHABLE_CODE = YES;
				CLANG_WARN__DUPLICATE_METHOD_MATCH = YES;
				CODE_SIGN_IDENTITY = "iPhone Developer";
				COPY_PHASE_STRIP = NO;
				DEBUG_INFORMATION_FORMAT = dwarf;
				ENABLE_STRICT_OBJC_MSGSEND = YES;
				ENABLE_TESTABILITY = YES;
				GCC_C_LANGUAGE_STANDARD = gnu11;
				GCC_DYNAMIC_NO_PIC = NO;
				GCC_NO_COMMON_BLOCKS = YES;
				GCC_OPTIMIZATION_LEVEL = 0;
				GCC_PREPROCESSOR_DEFINITIONS = (
					"DEBUG=1",
					"$(inherited)",
				);
				GCC_WARN_64_TO_32_BIT_CONVERSION = YES;
				GCC_WARN_ABOUT_RETURN_TYPE = YES_ERROR;
				GCC_WARN_UNDECLARED_SELECTOR = YES;
				GCC_WARN_UNINITIALIZED_AUTOS = YES_AGGRESSIVE;
				GCC_WARN_UNUSED_FUNCTION = YES;
				GCC_WARN_UNUSED_VARIABLE = YES;
				IPHONEOS_DEPLOYMENT_TARGET = 11.2;
				MTL_ENABLE_DEBUG_INFO = YES;
				ONLY_ACTIVE_ARCH = YES;
				SDKROOT = iphoneos;
				SWIFT_ACTIVE_COMPILATION_CONDITIONS = DEBUG;
				SWIFT_OPTIMIZATION_LEVEL = "-Onone";
			};
			name = Debug;
		};
		F5057E46207166150028EAF8 /* Release */ = {
			isa = XCBuildConfiguration;
			buildSettings = {
				ALWAYS_SEARCH_USER_PATHS = NO;
				CLANG_ANALYZER_NONNULL = YES;
				CLANG_ANALYZER_NUMBER_OBJECT_CONVERSION = YES_AGGRESSIVE;
				CLANG_CXX_LANGUAGE_STANDARD = "gnu++14";
				CLANG_CXX_LIBRARY = "libc++";
				CLANG_ENABLE_MODULES = YES;
				CLANG_ENABLE_OBJC_ARC = YES;
				CLANG_WARN_BLOCK_CAPTURE_AUTORELEASING = YES;
				CLANG_WARN_BOOL_CONVERSION = YES;
				CLANG_WARN_COMMA = YES;
				CLANG_WARN_CONSTANT_CONVERSION = YES;
				CLANG_WARN_DIRECT_OBJC_ISA_USAGE = YES_ERROR;
				CLANG_WARN_DOCUMENTATION_COMMENTS = YES;
				CLANG_WARN_EMPTY_BODY = YES;
				CLANG_WARN_ENUM_CONVERSION = YES;
				CLANG_WARN_INFINITE_RECURSION = YES;
				CLANG_WARN_INT_CONVERSION = YES;
				CLANG_WARN_NON_LITERAL_NULL_CONVERSION = YES;
				CLANG_WARN_OBJC_LITERAL_CONVERSION = YES;
				CLANG_WARN_OBJC_ROOT_CLASS = YES_ERROR;
				CLANG_WARN_RANGE_LOOP_ANALYSIS = YES;
				CLANG_WARN_STRICT_PROTOTYPES = YES;
				CLANG_WARN_SUSPICIOUS_MOVE = YES;
				CLANG_WARN_UNGUARDED_AVAILABILITY = YES_AGGRESSIVE;
				CLANG_WARN_UNREACHABLE_CODE = YES;
				CLANG_WARN__DUPLICATE_METHOD_MATCH = YES;
				CODE_SIGN_IDENTITY = "iPhone Developer";
				COPY_PHASE_STRIP = NO;
				DEBUG_INFORMATION_FORMAT = "dwarf-with-dsym";
				ENABLE_NS_ASSERTIONS = NO;
				ENABLE_STRICT_OBJC_MSGSEND = YES;
				GCC_C_LANGUAGE_STANDARD = gnu11;
				GCC_NO_COMMON_BLOCKS = YES;
				GCC_WARN_64_TO_32_BIT_CONVERSION = YES;
				GCC_WARN_ABOUT_RETURN_TYPE = YES_ERROR;
				GCC_WARN_UNDECLARED_SELECTOR = YES;
				GCC_WARN_UNINITIALIZED_AUTOS = YES_AGGRESSIVE;
				GCC_WARN_UNUSED_FUNCTION = YES;
				GCC_WARN_UNUSED_VARIABLE = YES;
				IPHONEOS_DEPLOYMENT_TARGET = 11.2;
				MTL_ENABLE_DEBUG_INFO = NO;
				SDKROOT = iphoneos;
				SWIFT_OPTIMIZATION_LEVEL = "-Owholemodule";
				VALIDATE_PRODUCT = YES;
			};
			name = Release;
		};
		F5057E48207166150028EAF8 /* Debug */ = {
			isa = XCBuildConfiguration;
			buildSettings = {
				ASSETCATALOG_COMPILER_APPICON_NAME = AppIcon;
				CODE_SIGN_STYLE = Automatic;
				INFOPLIST_FILE = ATM_Consultoria/Info.plist;
				LD_RUNPATH_SEARCH_PATHS = "$(inherited) @executable_path/Frameworks";
				PRODUCT_BUNDLE_IDENTIFIER = "br.com.fappswift.ATM-Consultoria";
				PRODUCT_NAME = "$(TARGET_NAME)";
				SWIFT_VERSION = 4.0;
				TARGETED_DEVICE_FAMILY = "1,2";
			};
			name = Debug;
		};
		F5057E49207166150028EAF8 /* Release */ = {
			isa = XCBuildConfiguration;
			buildSettings = {
				ASSETCATALOG_COMPILER_APPICON_NAME = AppIcon;
				CODE_SIGN_STYLE = Automatic;
				INFOPLIST_FILE = ATM_Consultoria/Info.plist;
				LD_RUNPATH_SEARCH_PATHS = "$(inherited) @executable_path/Frameworks";
				PRODUCT_BUNDLE_IDENTIFIER = "br.com.fappswift.ATM-Consultoria";
				PRODUCT_NAME = "$(TARGET_NAME)";
				SWIFT_VERSION = 4.0;
				TARGETED_DEVICE_FAMILY = "1,2";
			};
			name = Release;
		};
/* End XCBuildConfiguration section */

/* Begin XCConfigurationList section */
		F5057E30207166140028EAF8 /* Build configuration list for PBXProject "ATM_Consultoria" */ = {
			isa = XCConfigurationList;
			buildConfigurations = (
				F5057E45207166150028EAF8 /* Debug */,
				F5057E46207166150028EAF8 /* Release */,
			);
			defaultConfigurationIsVisible = 0;
			defaultConfigurationName = Release;
		};
		F5057E47207166150028EAF8 /* Build configuration list for PBXNativeTarget "ATM_Consultoria" */ = {
			isa = XCConfigurationList;
			buildConfigurations = (
				F5057E48207166150028EAF8 /* Debug */,
				F5057E49207166150028EAF8 /* Release */,
			);
			defaultConfigurationIsVisible = 0;
			defaultConfigurationName = Release;
		};
/* End XCConfigurationList section */
	};
	rootObject = F5057E2D207166140028EAF8 /* Project object */;
}
